
Microsoft Visual Studio Solution File, Format Version 12.00
# Visual Studio Version 17
VisualStudioVersion = 17.0.32112.339
MinimumVisualStudioVersion = 10.0.40219.1
Project("{FAE04EC0-301F-11D3-BF4B-00C04F79EFBC}") = "Steam.Android", "Steam\Steam.Android\Steam.Android.csproj", "{1348D732-89EC-4C0F-B40A-56F265797B12}"
EndProject
Project("{FAE04EC0-301F-11D3-BF4B-00C04F79EFBC}") = "Steam.iOS", "Steam\Steam.iOS\Steam.iOS.csproj", "{CCD066E9-9038-4B17-B15B-C46354F6B26C}"
EndProject
Project("{FAE04EC0-301F-11D3-BF4B-00C04F79EFBC}") = "Steam", "Steam\Steam\Steam.csproj", "{D187A837-6326-440F-907D-BD0A0E144993}"
EndProject
Global
	GlobalSection(SolutionConfigurationPlatforms) = preSolution
		Debug|Any CPU = Debug|Any CPU
		Debug|iPhone = Debug|iPhone
		Debug|iPhoneSimulator = Debug|iPhoneSimulator
		Release|Any CPU = Release|Any CPU
		Release|iPhone = Release|iPhone
		Release|iPhoneSimulator = Release|iPhoneSimulator
	EndGlobalSection
	GlobalSection(ProjectConfigurationPlatforms) = postSolution
		{1348D732-89EC-4C0F-B40A-56F265797B12}.Debug|Any CPU.ActiveCfg = Debug|Any CPU
		{1348D732-89EC-4C0F-B40A-56F265797B12}.Debug|Any CPU.Build.0 = Debug|Any CPU
		{1348D732-89EC-4C0F-B40A-56F265797B12}.Debug|Any CPU.Deploy.0 = Debug|Any CPU
		{1348D732-89EC-4C0F-B40A-56F265797B12}.Debug|iPhone.ActiveCfg = Debug|Any CPU
		{1348D732-89EC-4C0F-B40A-56F265797B12}.Debug|iPhone.Build.0 = Debug|Any CPU
		{1348D732-89EC-4C0F-B40A-56F265797B12}.Debug|iPhone.Deploy.0 = Debug|Any CPU
		{1348D732-89EC-4C0F-B40A-56F265797B12}.Debug|iPhoneSimulator.ActiveCfg = Debug|Any CPU
		{1348D732-89EC-4C0F-B40A-56F265797B12}.Debug|iPhoneSimulator.Build.0 = Debug|Any CPU
		{1348D732-89EC-4C0F-B40A-56F265797B12}.Debug|iPhoneSimulator.Deploy.0 = Debug|Any CPU
		{1348D732-89EC-4C0F-B40A-56F265797B12}.Release|Any CPU.ActiveCfg = Release|Any CPU
		{1348D732-89EC-4C0F-B40A-56F265797B12}.Release|Any CPU.Build.0 = Release|Any CPU
		{1348D732-89EC-4C0F-B40A-56F265797B12}.Release|Any CPU.Deploy.0 = Release|Any CPU
		{1348D732-89EC-4C0F-B40A-56F265797B12}.Release|iPhone.ActiveCfg = Release|Any CPU
		{1348D732-89EC-4C0F-B40A-56F265797B12}.Release|iPhone.Build.0 = Release|Any CPU
		{1348D732-89EC-4C0F-B40A-56F265797B12}.Release|iPhone.Deploy.0 = Release|Any CPU
		{1348D732-89EC-4C0F-B40A-56F265797B12}.Release|iPhoneSimulator.ActiveCfg = Release|Any CPU
		{1348D732-89EC-4C0F-B40A-56F265797B12}.Release|iPhoneSimulator.Build.0 = Release|Any CPU
		{1348D732-89EC-4C0F-B40A-56F265797B12}.Release|iPhoneSimulator.Deploy.0 = Release|Any CPU
		{CCD066E9-9038-4B17-B15B-C46354F6B26C}.Debug|Any CPU.ActiveCfg = Debug|iPhone
		{CCD066E9-9038-4B17-B15B-C46354F6B26C}.Debug|Any CPU.Build.0 = Debug|iPhone
		{CCD066E9-9038-4B17-B15B-C46354F6B26C}.Debug|Any CPU.Deploy.0 = Debug|iPhone
		{CCD066E9-9038-4B17-B15B-C46354F6B26C}.Debug|iPhone.ActiveCfg = Debug|iPhone
		{CCD066E9-9038-4B17-B15B-C46354F6B26C}.Debug|iPhone.Build.0 = Debug|iPhone
		{CCD066E9-9038-4B17-B15B-C46354F6B26C}.Debug|iPhone.Deploy.0 = Debug|iPhone
		{CCD066E9-9038-4B17-B15B-C46354F6B26C}.Debug|iPhoneSimulator.ActiveCfg = Debug|iPhoneSimulator
		{CCD066E9-9038-4B17-B15B-C46354F6B26C}.Debug|iPhoneSimulator.Build.0 = Debug|iPhoneSimulator
		{CCD066E9-9038-4B17-B15B-C46354F6B26C}.Debug|iPhoneSimulator.Deploy.0 = Debug|iPhoneSimulator
		{CCD066E9-9038-4B17-B15B-C46354F6B26C}.Release|Any CPU.ActiveCfg = Release|iPhoneSimulator
		{CCD066E9-9038-4B17-B15B-C46354F6B26C}.Release|Any CPU.Build.0 = Release|iPhoneSimulator
		{CCD066E9-9038-4B17-B15B-C46354F6B26C}.Release|Any CPU.Deploy.0 = Release|iPhoneSimulator
		{CCD066E9-9038-4B17-B15B-C46354F6B26C}.Release|iPhone.ActiveCfg = Release|iPhone
		{CCD066E9-9038-4B17-B15B-C46354F6B26C}.Release|iPhone.Build.0 = Release|iPhone
		{CCD066E9-9038-4B17-B15B-C46354F6B26C}.Release|iPhone.Deploy.0 = Release|iPhone
		{CCD066E9-9038-4B17-B15B-C46354F6B26C}.Release|iPhoneSimulator.ActiveCfg = Release|iPhoneSimulator
		{CCD066E9-9038-4B17-B15B-C46354F6B26C}.Release|iPhoneSimulator.Build.0 = Release|iPhoneSimulator
		{CCD066E9-9038-4B17-B15B-C46354F6B26C}.Release|iPhoneSimulator.Deploy.0 = Release|iPhoneSimulator
		{D187A837-6326-440F-907D-BD0A0E144993}.Debug|Any CPU.ActiveCfg = Debug|Any CPU
		{D187A837-6326-440F-907D-BD0A0E144993}.Debug|Any CPU.Build.0 = Debug|Any CPU
		{D187A837-6326-440F-907D-BD0A0E144993}.Debug|Any CPU.Deploy.0 = Debug|Any CPU
		{D187A837-6326-440F-907D-BD0A0E144993}.Debug|iPhone.ActiveCfg = Debug|Any CPU
		{D187A837-6326-440F-907D-BD0A0E144993}.Debug|iPhone.Build.0 = Debug|Any CPU
		{D187A837-6326-440F-907D-BD0A0E144993}.Debug|iPhone.Deploy.0 = Debug|Any CPU
		{D187A837-6326-440F-907D-BD0A0E144993}.Debug|iPhoneSimulator.ActiveCfg = Debug|Any CPU
		{D187A837-6326-440F-907D-BD0A0E144993}.Debug|iPhoneSimulator.Build.0 = Debug|Any CPU
		{D187A837-6326-440F-907D-BD0A0E144993}.Debug|iPhoneSimulator.Deploy.0 = Debug|Any CPU
		{D187A837-6326-440F-907D-BD0A0E144993}.Release|Any CPU.ActiveCfg = Release|Any CPU
		{D187A837-6326-440F-907D-BD0A0E144993}.Release|Any CPU.Build.0 = Release|Any CPU
		{D187A837-6326-440F-907D-BD0A0E144993}.Release|Any CPU.Deploy.0 = Release|Any CPU
		{D187A837-6326-440F-907D-BD0A0E144993}.Release|iPhone.ActiveCfg = Release|Any CPU
		{D187A837-6326-440F-907D-BD0A0E144993}.Release|iPhone.Build.0 = Release|Any CPU
		{D187A837-6326-440F-907D-BD0A0E144993}.Release|iPhone.Deploy.0 = Release|Any CPU
		{D187A837-6326-440F-907D-BD0A0E144993}.Release|iPhoneSimulator.ActiveCfg = Release|Any CPU
		{D187A837-6326-440F-907D-BD0A0E144993}.Release|iPhoneSimulator.Build.0 = Release|Any CPU
		{D187A837-6326-440F-907D-BD0A0E144993}.Release|iPhoneSimulator.Deploy.0 = Release|Any CPU
	EndGlobalSection
	GlobalSection(SolutionProperties) = preSolution
		HideSolutionNode = FALSE
	EndGlobalSection
	GlobalSection(ExtensibilityGlobals) = postSolution
		SolutionGuid = {810D310F-E158-4B2D-BA67-750049E099F5}
	EndGlobalSection
EndGlobal
